{
  "requires": true,
  "lockfileVersion": 1,
  "dependencies": {
    "@babel/runtime": {
      "version": "7.7.6",
      "resolved": "http://registry.npmjs.lianjia.com:7001/@babel/runtime/download/@babel/runtime-7.7.6.tgz",
      "integrity": "sha1-0YxRESGv8bTyzR1FLxuslgHdgw8=",
      "requires": {
        "regenerator-runtime": "^0.13.2"
      },
      "dependencies": {
        "regenerator-runtime": {
          "version": "0.13.3",
          "resolved": "http://registry.npmjs.lianjia.com:7001/regenerator-runtime/download/regenerator-runtime-0.13.3.tgz",
          "integrity": "sha1-fPanfY9cb2Drc8X8GVWyzrAea/U="
        }
      }
    },
    "babel-runtime": {
      "version": "6.26.0",
      "resolved": "http://registry.npmjs.lianjia.com:7001/babel-runtime/download/babel-runtime-6.26.0.tgz",
      "integrity": "sha1-llxwWGaOgrVde/4E/yM3vItWR/4=",
      "requires": {
        "core-js": "^2.4.0",
        "regenerator-runtime": "^0.11.0"
      }
    },
    "clsx": {
      "version": "1.0.4",
      "resolved": "http://registry.npmjs.lianjia.com:7001/clsx/download/clsx-1.0.4.tgz",
      "integrity": "sha1-DAFx9tXLL+g4SEY8FfzCa034wuw="
    },
    "core-js": {
      "version": "2.6.11",
      "resolved": "http://registry.npmjs.lianjia.com:7001/core-js/download/core-js-2.6.11.tgz",
      "integrity": "sha1-OIMUafmSK97Y7iHJ3EaYXgOZMIw="
    },
    "csstype": {
      "version": "2.6.7",
      "resolved": "http://registry.npmjs.lianjia.com:7001/csstype/download/csstype-2.6.7.tgz",
      "integrity": "sha1-ILACTCC2cY9O2jhTofWhzOf15KU="
    },
    "dom-helpers": {
      "version": "5.1.3",
      "resolved": "http://registry.npmjs.lianjia.com:7001/dom-helpers/download/dom-helpers-5.1.3.tgz",
      "integrity": "sha1-cjMkjrOi0fdKr8ox5SxSmcyM6CE=",
      "requires": {
        "@babel/runtime": "^7.6.3",
        "csstype": "^2.6.7"
      }
    },
    "js-tokens": {
      "version": "4.0.0",
      "resolved": "http://registry.npmjs.lianjia.com:7001/js-tokens/download/js-tokens-4.0.0.tgz",
      "integrity": "sha1-GSA/tZmR35jjoocFDUZHzerzJJk="
    },
    "loose-envify": {
      "version": "1.4.0",
      "resolved": "http://registry.npmjs.lianjia.com:7001/loose-envify/download/loose-envify-1.4.0.tgz",
      "integrity": "sha1-ce5R+nvkyuwaY4OffmgtgTLTDK8=",
      "requires": {
        "js-tokens": "^3.0.0 || ^4.0.0"
      }
    },
    "object-assign": {
      "version": "4.1.1",
      "resolved": "http://registry.npmjs.lianjia.com:7001/object-assign/download/object-assign-4.1.1.tgz",
      "integrity": "sha1-IQmtx5ZYh8/AXLvUQsrIv7s2CGM="
    },
    "prop-types": {
      "version": "15.7.2",
      "resolved": "http://registry.npmjs.lianjia.com:7001/prop-types/download/prop-types-15.7.2.tgz",
      "integrity": "sha1-UsQedbjIfnK52TYOAga5ncv/psU=",
      "requires": {
        "loose-envify": "^1.4.0",
        "object-assign": "^4.1.1",
        "react-is": "^16.8.1"
      }
    },
    "react-is": {
      "version": "16.12.0",
      "resolved": "http://registry.npmjs.lianjia.com:7001/react-is/download/react-is-16.12.0.tgz",
      "integrity": "sha1-LMD+D7p0LZf9UnxCoTvsTusGJBw="
    },
    "react-lifecycles-compat": {
      "version": "3.0.4",
      "resolved": "http://registry.npmjs.lianjia.com:7001/react-lifecycles-compat/download/react-lifecycles-compat-3.0.4.tgz",
      "integrity": "sha1-TxonOv38jzSIqMUWv9p4+HI1I2I="
    },
    "react-virtualized": {
      "version": "9.21.2",
      "resolved": "http://registry.npmjs.lianjia.com:7001/react-virtualized/download/react-virtualized-9.21.2.tgz",
      "integrity": "sha1-AubfZcHgIMjb9XTsTOlxZSr8qE4=",
      "requires": {
        "babel-runtime": "^6.26.0",
        "clsx": "^1.0.1",
        "dom-helpers": "^5.0.0",
        "loose-envify": "^1.3.0",
        "prop-types": "^15.6.0",
        "react-lifecycles-compat": "^3.0.4"
      }
    },
    "regenerator-runtime": {
      "version": "0.11.1",
      "resolved": "http://registry.npmjs.lianjia.com:7001/regenerator-runtime/download/regenerator-runtime-0.11.1.tgz",
      "integrity": "sha1-vgWtf5v30i4Fb5cmzuUBf78Z4uk="
    }
  }
}
